// !$*UTF8*$!
{
	archiveVersion = 1;
	classes = {
	};
	objectVersion = 46;
	objects = {

/* Begin PBXBuildFile section */
		F2432FAD19DDBF6D00F4C8D5 /* Foundation.framework in Frameworks */ = {isa = PBXBuildFile; fileRef = F2432FAC19DDBF6D00F4C8D5 /* Foundation.framework */; };
		F2432FAF19DDBF6D00F4C8D5 /* CoreGraphics.framework in Frameworks */ = {isa = PBXBuildFile; fileRef = F2432FAE19DDBF6D00F4C8D5 /* CoreGraphics.framework */; };
		F2432FB119DDBF6D00F4C8D5 /* UIKit.framework in Frameworks */ = {isa = PBXBuildFile; fileRef = F2432FB019DDBF6D00F4C8D5 /* UIKit.framework */; };
		F2432FB719DDBF6E00F4C8D5 /* InfoPlist.strings in Resources */ = {isa = PBXBuildFile; fileRef = F2432FB519DDBF6E00F4C8D5 /* InfoPlist.strings */; };
		F2432FB919DDBF6E00F4C8D5 /* main.m in Sources */ = {isa = PBXBuildFile; fileRef = F2432FB819DDBF6E00F4C8D5 /* main.m */; };
		F2432FBD19DDBF6E00F4C8D5 /* AppDelegate.m in Sources */ = {isa = PBXBuildFile; fileRef = F2432FBC19DDBF6E00F4C8D5 /* AppDelegate.m */; };
		F2432FC019DDBF6E00F4C8D5 /* Main.storyboard in Resources */ = {isa = PBXBuildFile; fileRef = F2432FBE19DDBF6E00F4C8D5 /* Main.storyboard */; };
		F2432FC319DDBF6E00F4C8D5 /* ViewController.m in Sources */ = {isa = PBXBuildFile; fileRef = F2432FC219DDBF6E00F4C8D5 /* ViewController.m */; };
		F2432FC519DDBF6E00F4C8D5 /* Images.xcassets in Resources */ = {isa = PBXBuildFile; fileRef = F2432FC419DDBF6E00F4C8D5 /* Images.xcassets */; };
		F2432FCC19DDBF6E00F4C8D5 /* XCTest.framework in Frameworks */ = {isa = PBXBuildFile; fileRef = F2432FCB19DDBF6E00F4C8D5 /* XCTest.framework */; };
		F2432FCD19DDBF6E00F4C8D5 /* Foundation.framework in Frameworks */ = {isa = PBXBuildFile; fileRef = F2432FAC19DDBF6D00F4C8D5 /* Foundation.framework */; };
		F2432FCE19DDBF6E00F4C8D5 /* UIKit.framework in Frameworks */ = {isa = PBXBuildFile; fileRef = F2432FB019DDBF6D00F4C8D5 /* UIKit.framework */; };
		F2432FD619DDBF6E00F4C8D5 /* InfoPlist.strings in Resources */ = {isa = PBXBuildFile; fileRef = F2432FD419DDBF6E00F4C8D5 /* InfoPlist.strings */; };
		F2432FD819DDBF6E00F4C8D5 /* subviewTablesTests.m in Sources */ = {isa = PBXBuildFile; fileRef = F2432FD719DDBF6E00F4C8D5 /* subviewTablesTests.m */; };
		F2C31C2D19DDD38D0041910D /* NameAndColorCell.m in Sources */ = {isa = PBXBuildFile; fileRef = F2C31C2C19DDD38D0041910D /* NameAndColorCell.m */; };
/* End PBXBuildFile section */

/* Begin PBXContainerItemProxy section */
		F2432FCF19DDBF6E00F4C8D5 /* PBXContainerItemProxy */ = {
			isa = PBXContainerItemProxy;
			containerPortal = F2432FA119DDBF6D00F4C8D5 /* Project object */;
			proxyType = 1;
			remoteGlobalIDString = F2432FA819DDBF6D00F4C8D5;
			remoteInfo = subviewTables;
		};
/* End PBXContainerItemProxy section */

/* Begin PBXFileReference section */
		F2432FA919DDBF6D00F4C8D5 /* subviewTables.app */ = {isa = PBXFileReference; explicitFileType = wrapper.application; includeInIndex = 0; path = subviewTables.app; sourceTree = BUILT_PRODUCTS_DIR; };
		F2432FAC19DDBF6D00F4C8D5 /* Foundation.framework */ = {isa = PBXFileReference; lastKnownFileType = wrapper.framework; name = Foundation.framework; path = System/Library/Frameworks/Foundation.framework; sourceTree = SDKROOT; };
		F2432FAE19DDBF6D00F4C8D5 /* CoreGraphics.framework */ = {isa = PBXFileReference; lastKnownFileType = wrapper.framework; name = CoreGraphics.framework; path = System/Library/Frameworks/CoreGraphics.framework; sourceTree = SDKROOT; };
		F2432FB019DDBF6D00F4C8D5 /* UIKit.framework */ = {isa = PBXFileReference; lastKnownFileType = wrapper.framework; name = UIKit.framework; path = System/Library/Frameworks/UIKit.framework; sourceTree = SDKROOT; };
		F2432FB419DDBF6E00F4C8D5 /* subviewTables-Info.plist */ = {isa = PBXFileReference; lastKnownFileType = text.plist.xml; path = "subviewTables-Info.plist"; sourceTree = "<group>"; };
		F2432FB619DDBF6E00F4C8D5 /* en */ = {isa = PBXFileReference; lastKnownFileType = text.plist.strings; name = en; path = en.lproj/InfoPlist.strings; sourceTree = "<group>"; };
		F2432FB819DDBF6E00F4C8D5 /* main.m */ = {isa = PBXFileReference; lastKnownFileType = sourcecode.c.objc; path = main.m; sourceTree = "<group>"; };
		F2432FBA19DDBF6E00F4C8D5 /* subviewTables-Prefix.pch */ = {isa = PBXFileReference; lastKnownFileType = sourcecode.c.h; path = "subviewTables-Prefix.pch"; sourceTree = "<group>"; };
		F2432FBB19DDBF6E00F4C8D5 /* AppDelegate.h */ = {isa = PBXFileReference; lastKnownFileType = sourcecode.c.h; path = AppDelegate.h; sourceTree = "<group>"; };
		F2432FBC19DDBF6E00F4C8D5 /* AppDelegate.m */ = {isa = PBXFileReference; lastKnownFileType = sourcecode.c.objc; path = AppDelegate.m; sourceTree = "<group>"; };
		F2432FBF19DDBF6E00F4C8D5 /* Base */ = {isa = PBXFileReference; lastKnownFileType = file.storyboard; name = Base; path = Base.lproj/Main.storyboard; sourceTree = "<group>"; };
		F2432FC119DDBF6E00F4C8D5 /* ViewController.h */ = {isa = PBXFileReference; lastKnownFileType = sourcecode.c.h; path = ViewController.h; sourceTree = "<group>"; };
		F2432FC219DDBF6E00F4C8D5 /* ViewController.m */ = {isa = PBXFileReference; lastKnownFileType = sourcecode.c.objc; path = ViewController.m; sourceTree = "<group>"; };
		F2432FC419DDBF6E00F4C8D5 /* Images.xcassets */ = {isa = PBXFileReference; lastKnownFileType = folder.assetcatalog; path = Images.xcassets; sourceTree = "<group>"; };
		F2432FCA19DDBF6E00F4C8D5 /* subviewTablesTests.xctest */ = {isa = PBXFileReference; explicitFileType = wrapper.cfbundle; includeInIndex = 0; path = subviewTablesTests.xctest; sourceTree = BUILT_PRODUCTS_DIR; };
		F2432FCB19DDBF6E00F4C8D5 /* XCTest.framework */ = {isa = PBXFileReference; lastKnownFileType = wrapper.framework; name = XCTest.framework; path = Library/Frameworks/XCTest.framework; sourceTree = DEVELOPER_DIR; };
		F2432FD319DDBF6E00F4C8D5 /* subviewTablesTests-Info.plist */ = {isa = PBXFileReference; lastKnownFileType = text.plist.xml; path = "subviewTablesTests-Info.plist"; sourceTree = "<group>"; };
		F2432FD519DDBF6E00F4C8D5 /* en */ = {isa = PBXFileReference; lastKnownFileType = text.plist.strings; name = en; path = en.lproj/InfoPlist.strings; sourceTree = "<group>"; };
		F2432FD719DDBF6E00F4C8D5 /* subviewTablesTests.m */ = {isa = PBXFileReference; lastKnownFileType = sourcecode.c.objc; path = subviewTablesTests.m; sourceTree = "<group>"; };
		F2C31C2B19DDD38D0041910D /* NameAndColorCell.h */ = {isa = PBXFileReference; fileEncoding = 4; lastKnownFileType = sourcecode.c.h; path = NameAndColorCell.h; sourceTree = "<group>"; };
		F2C31C2C19DDD38D0041910D /* NameAndColorCell.m */ = {isa = PBXFileReference; fileEncoding = 4; lastKnownFileType = sourcecode.c.objc; path = NameAndColorCell.m; sourceTree = "<group>"; };
/* End PBXFileReference section */

/* Begin PBXFrameworksBuildPhase section */
		F2432FA619DDBF6D00F4C8D5 /* Frameworks */ = {
			isa = PBXFrameworksBuildPhase;
			buildActionMask = 2147483647;
			files = (
				F2432FAF19DDBF6D00F4C8D5 /* CoreGraphics.framework in Frameworks */,
				F2432FB119DDBF6D00F4C8D5 /* UIKit.framework in Frameworks */,
				F2432FAD19DDBF6D00F4C8D5 /* Foundation.framework in Frameworks */,
			);
			runOnlyForDeploymentPostprocessing = 0;
		};
		F2432FC719DDBF6E00F4C8D5 /* Frameworks */ = {
			isa = PBXFrameworksBuildPhase;
			buildActionMask = 2147483647;
			files = (
				F2432FCC19DDBF6E00F4C8D5 /* XCTest.framework in Frameworks */,
				F2432FCE19DDBF6E00F4C8D5 /* UIKit.framework in Frameworks */,
				F2432FCD19DDBF6E00F4C8D5 /* Foundation.framework in Frameworks */,
			);
			runOnlyForDeploymentPostprocessing = 0;
		};
/* End PBXFrameworksBuildPhase section */

/* Begin PBXGroup section */
		F2432FA019DDBF6D00F4C8D5 = {
			isa = PBXGroup;
			children = (
				F2432FB219DDBF6E00F4C8D5 /* subviewTables */,
				F2432FD119DDBF6E00F4C8D5 /* subviewTablesTests */,
				F2432FAB19DDBF6D00F4C8D5 /* Frameworks */,
				F2432FAA19DDBF6D00F4C8D5 /* Products */,
			);
			sourceTree = "<group>";
		};
		F2432FAA19DDBF6D00F4C8D5 /* Products */ = {
			isa = PBXGroup;
			children = (
				F2432FA919DDBF6D00F4C8D5 /* subviewTables.app */,
				F2432FCA19DDBF6E00F4C8D5 /* subviewTablesTests.xctest */,
			);
			name = Products;
			sourceTree = "<group>";
		};
		F2432FAB19DDBF6D00F4C8D5 /* Frameworks */ = {
			isa = PBXGroup;
			children = (
				F2432FAC19DDBF6D00F4C8D5 /* Foundation.framework */,
				F2432FAE19DDBF6D00F4C8D5 /* CoreGraphics.framework */,
				F2432FB019DDBF6D00F4C8D5 /* UIKit.framework */,
				F2432FCB19DDBF6E00F4C8D5 /* XCTest.framework */,
			);
			name = Frameworks;
			sourceTree = "<group>";
		};
		F2432FB219DDBF6E00F4C8D5 /* subviewTables */ = {
			isa = PBXGroup;
			children = (
				F2432FBB19DDBF6E00F4C8D5 /* AppDelegate.h */,
				F2432FBC19DDBF6E00F4C8D5 /* AppDelegate.m */,
				F2432FBE19DDBF6E00F4C8D5 /* Main.storyboard */,
				F2432FC119DDBF6E00F4C8D5 /* ViewController.h */,
				F2432FC219DDBF6E00F4C8D5 /* ViewController.m */,
				F2432FC419DDBF6E00F4C8D5 /* Images.xcassets */,
				F2432FB319DDBF6E00F4C8D5 /* Supporting Files */,
				F2C31C2B19DDD38D0041910D /* NameAndColorCell.h */,
				F2C31C2C19DDD38D0041910D /* NameAndColorCell.m */,
			);
			path = subviewTables;
			sourceTree = "<group>";
		};
		F2432FB319DDBF6E00F4C8D5 /* Supporting Files */ = {
			isa = PBXGroup;
			children = (
				F2432FB419DDBF6E00F4C8D5 /* subviewTables-Info.plist */,
				F2432FB519DDBF6E00F4C8D5 /* InfoPlist.strings */,
				F2432FB819DDBF6E00F4C8D5 /* main.m */,
				F2432FBA19DDBF6E00F4C8D5 /* subviewTables-Prefix.pch */,
			);
			name = "Supporting Files";
			sourceTree = "<group>";
		};
		F2432FD119DDBF6E00F4C8D5 /* subviewTablesTests */ = {
			isa = PBXGroup;
			children = (
				F2432FD719DDBF6E00F4C8D5 /* subviewTablesTests.m */,
				F2432FD219DDBF6E00F4C8D5 /* Supporting Files */,
			);
			path = subviewTablesTests;
			sourceTree = "<group>";
		};
		F2432FD219DDBF6E00F4C8D5 /* Supporting Files */ = {
			isa = PBXGroup;
			children = (
				F2432FD319DDBF6E00F4C8D5 /* subviewTablesTests-Info.plist */,
				F2432FD419DDBF6E00F4C8D5 /* InfoPlist.strings */,
			);
			name = "Supporting Files";
			sourceTree = "<group>";
		};
/* End PBXGroup section */

/* Begin PBXNativeTarget section */
		F2432FA819DDBF6D00F4C8D5 /* subviewTables */ = {
			isa = PBXNativeTarget;
			buildConfigurationList = F2432FDB19DDBF6E00F4C8D5 /* Build configuration list for PBXNativeTarget "subviewTables" */;
			buildPhases = (
				F2432FA519DDBF6D00F4C8D5 /* Sources */,
				F2432FA619DDBF6D00F4C8D5 /* Frameworks */,
				F2432FA719DDBF6D00F4C8D5 /* Resources */,
			);
			buildRules = (
			);
			dependencies = (
			);
			name = subviewTables;
			productName = subviewTables;
			productReference = F2432FA919DDBF6D00F4C8D5 /* subviewTables.app */;
			productType = "com.apple.product-type.application";
		};
		F2432FC919DDBF6E00F4C8D5 /* subviewTablesTests */ = {
			isa = PBXNativeTarget;
			buildConfigurationList = F2432FDE19DDBF6E00F4C8D5 /* Build configuration list for PBXNativeTarget "subviewTablesTests" */;
			buildPhases = (
				F2432FC619DDBF6E00F4C8D5 /* Sources */,
				F2432FC719DDBF6E00F4C8D5 /* Frameworks */,
				F2432FC819DDBF6E00F4C8D5 /* Resources */,
			);
			buildRules = (
			);
			dependencies = (
				F2432FD019DDBF6E00F4C8D5 /* PBXTargetDependency */,
			);
			name = subviewTablesTests;
			productName = subviewTablesTests;
			productReference = F2432FCA19DDBF6E00F4C8D5 /* subviewTablesTests.xctest */;
			productType = "com.apple.product-type.bundle.unit-test";
		};
/* End PBXNativeTarget section */

/* Begin PBXProject section */
		F2432FA119DDBF6D00F4C8D5 /* Project object */ = {
			isa = PBXProject;
			attributes = {
				LastUpgradeCheck = 0510;
				ORGANIZATIONNAME = "___FULLUSERNAME___";
				TargetAttributes = {
					F2432FC919DDBF6E00F4C8D5 = {
						TestTargetID = F2432FA819DDBF6D00F4C8D5;
					};
				};
			};
			buildConfigurationList = F2432FA419DDBF6D00F4C8D5 /* Build configuration list for PBXProject "subviewTables" */;
			compatibilityVersion = "Xcode 3.2";
			developmentRegion = English;
			hasScannedForEncodings = 0;
			knownRegions = (
				en,
				Base,
			);
			mainGroup = F2432FA019DDBF6D00F4C8D5;
			productRefGroup = F2432FAA19DDBF6D00F4C8D5 /* Products */;
			projectDirPath = "";
			projectRoot = "";
			targets = (
				F2432FA819DDBF6D00F4C8D5 /* subviewTables */,
				F2432FC919DDBF6E00F4C8D5 /* subviewTablesTests */,
			);
		};
/* End PBXProject section */

/* Begin PBXResourcesBuildPhase section */
		F2432FA719DDBF6D00F4C8D5 /* Resources */ = {
			isa = PBXResourcesBuildPhase;
			buildActionMask = 2147483647;
			files = (
				F2432FC519DDBF6E00F4C8D5 /* Images.xcassets in Resources */,
				F2432FB719DDBF6E00F4C8D5 /* InfoPlist.strings in Resources */,
				F2432FC019DDBF6E00F4C8D5 /* Main.storyboard in Resources */,
			);
			runOnlyForDeploymentPostprocessing = 0;
		};
		F2432FC819DDBF6E00F4C8D5 /* Resources */ = {
			isa = PBXResourcesBuildPhase;
			buildActionMask = 2147483647;
			files = (
				F2432FD619DDBF6E00F4C8D5 /* InfoPlist.strings in Resources */,
			);
			runOnlyForDeploymentPostprocessing = 0;
		};
/* End PBXResourcesBuildPhase section */

/* Begin PBXSourcesBuildPhase section */
		F2432FA519DDBF6D00F4C8D5 /* Sources */ = {
			isa = PBXSourcesBuildPhase;
			buildActionMask = 2147483647;
			files = (
				F2C31C2D19DDD38D0041910D /* NameAndColorCell.m in Sources */,
				F2432FC319DDBF6E00F4C8D5 /* ViewController.m in Sources */,
				F2432FBD19DDBF6E00F4C8D5 /* AppDelegate.m in Sources */,
				F2432FB919DDBF6E00F4C8D5 /* main.m in Sources */,
			);
			runOnlyForDeploymentPostprocessing = 0;
		};
		F2432FC619DDBF6E00F4C8D5 /* Sources */ = {
			isa = PBXSourcesBuildPhase;
			buildActionMask = 2147483647;
			files = (
				F2432FD819DDBF6E00F4C8D5 /* subviewTablesTests.m in Sources */,
			);
			runOnlyForDeploymentPostprocessing = 0;
		};
/* End PBXSourcesBuildPhase section */

/* Begin PBXTargetDependency section */
		F2432FD019DDBF6E00F4C8D5 /* PBXTargetDependency */ = {
			isa = PBXTargetDependency;
			target = F2432FA819DDBF6D00F4C8D5 /* subviewTables */;
			targetProxy = F2432FCF19DDBF6E00F4C8D5 /* PBXContainerItemProxy */;
		};
/* End PBXTargetDependency section */

/* Begin PBXVariantGroup section */
		F2432FB519DDBF6E00F4C8D5 /* InfoPlist.strings */ = {
			isa = PBXVariantGroup;
			children = (
				F2432FB619DDBF6E00F4C8D5 /* en */,
			);
			name = InfoPlist.strings;
			sourceTree = "<group>";
		};
		F2432FBE19DDBF6E00F4C8D5 /* Main.storyboard */ = {
			isa = PBXVariantGroup;
			children = (
				F2432FBF19DDBF6E00F4C8D5 /* Base */,
			);
			name = Main.storyboard;
			sourceTree = "<group>";
		};
		F2432FD419DDBF6E00F4C8D5 /* InfoPlist.strings */ = {
			isa = PBXVariantGroup;
			children = (
				F2432FD519DDBF6E00F4C8D5 /* en */,
			);
			name = InfoPlist.strings;
			sourceTree = "<group>";
		};
/* End PBXVariantGroup section */

/* Begin XCBuildConfiguration section */
		F2432FD919DDBF6E00F4C8D5 /* Debug */ = {
			isa = XCBuildConfiguration;
			buildSettings = {
				ALWAYS_SEARCH_USER_PATHS = NO;
				CLANG_CXX_LANGUAGE_STANDARD = "gnu++0x";
				CLANG_CXX_LIBRARY = "libc++";
				CLANG_ENABLE_MODULES = YES;
				CLANG_ENABLE_OBJC_ARC = YES;
				CLANG_WARN_BOOL_CONVERSION = YES;
				CLANG_WARN_CONSTANT_CONVERSION = YES;
				CLANG_WARN_DIRECT_OBJC_ISA_USAGE = YES_ERROR;
				CLANG_WARN_EMPTY_BODY = YES;
				CLANG_WARN_ENUM_CONVERSION = YES;
				CLANG_WARN_INT_CONVERSION = YES;
				CLANG_WARN_OBJC_ROOT_CLASS = YES_ERROR;
				CLANG_WARN__DUPLICATE_METHOD_MATCH = YES;
				"CODE_SIGN_IDENTITY[sdk=iphoneos*]" = "iPhone Developer";
				COPY_PHASE_STRIP = NO;
				GCC_C_LANGUAGE_STANDARD = gnu99;
				GCC_DYNAMIC_NO_PIC = NO;
				GCC_OPTIMIZATION_LEVEL = 0;
				GCC_PREPROCESSOR_DEFINITIONS = (
					"DEBUG=1",
					"$(inherited)",
				);
				GCC_SYMBOLS_PRIVATE_EXTERN = NO;
				GCC_WARN_64_TO_32_BIT_CONVERSION = YES;
				GCC_WARN_ABOUT_RETURN_TYPE = YES_ERROR;
				GCC_WARN_UNDECLARED_SELECTOR = YES;
				GCC_WARN_UNINITIALIZED_AUTOS = YES_AGGRESSIVE;
				GCC_WARN_UNUSED_FUNCTION = YES;
				GCC_WARN_UNUSED_VARIABLE = YES;
				IPHONEOS_DEPLOYMENT_TARGET = 7.1;
				ONLY_ACTIVE_ARCH = YES;
				SDKROOT = iphoneos;
			};
			name = Debug;
		};
		F2432FDA19DDBF6E00F4C8D5 /* Release */ = {
			isa = XCBuildConfiguration;
			buildSettings = {
				ALWAYS_SEARCH_USER_PATHS = NO;
				CLANG_CXX_LANGUAGE_STANDARD = "gnu++0x";
				CLANG_CXX_LIBRARY = "libc++";
				CLANG_ENABLE_MODULES = YES;
				CLANG_ENABLE_OBJC_ARC = YES;
				CLANG_WARN_BOOL_CONVERSION = YES;
				CLANG_WARN_CONSTANT_CONVERSION = YES;
				CLANG_WARN_DIRECT_OBJC_ISA_USAGE = YES_ERROR;
				CLANG_WARN_EMPTY_BODY = YES;
				CLANG_WARN_ENUM_CONVERSION = YES;
				CLANG_WARN_INT_CONVERSION = YES;
				CLANG_WARN_OBJC_ROOT_CLASS = YES_ERROR;
				CLANG_WARN__DUPLICATE_METHOD_MATCH = YES;
				"CODE_SIGN_IDENTITY[sdk=iphoneos*]" = "iPhone Developer";
				COPY_PHASE_STRIP = YES;
				ENABLE_NS_ASSERTIONS = NO;
				GCC_C_LANGUAGE_STANDARD = gnu99;
				GCC_WARN_64_TO_32_BIT_CONVERSION = YES;
				GCC_WARN_ABOUT_RETURN_TYPE = YES_ERROR;
				GCC_WARN_UNDECLARED_SELECTOR = YES;
				GCC_WARN_UNINITIALIZED_AUTOS = YES_AGGRESSIVE;
				GCC_WARN_UNUSED_FUNCTION = YES;
				GCC_WARN_UNUSED_VARIABLE = YES;
				IPHONEOS_DEPLOYMENT_TARGET = 7.1;
				SDKROOT = iphoneos;
				VALIDATE_PRODUCT = YES;
			};
			name = Release;
		};
		F2432FDC19DDBF6E00F4C8D5 /* Debug */ = {
			isa = XCBuildConfiguration;
			buildSettings = {
				ASSETCATALOG_COMPILER_APPICON_NAME = AppIcon;
				ASSETCATALOG_COMPILER_LAUNCHIMAGE_NAME = LaunchImage;
				GCC_PRECOMPILE_PREFIX_HEADER = YES;
				GCC_PREFIX_HEADER = "subviewTables/subviewTables-Prefix.pch";
				INFOPLIST_FILE = "subviewTables/subviewTables-Info.plist";
				PRODUCT_NAME = "$(TARGET_NAME)";
				WRAPPER_EXTENSION = app;
			};
			name = Debug;
		};
		F2432FDD19DDBF6E00F4C8D5 /* Release */ = {
			isa = XCBuildConfiguration;
			buildSettings = {
				ASSETCATALOG_COMPILER_APPICON_NAME = AppIcon;
				ASSETCATALOG_COMPILER_LAUNCHIMAGE_NAME = LaunchImage;
				GCC_PRECOMPILE_PREFIX_HEADER = YES;
				GCC_PREFIX_HEADER = "subviewTables/subviewTables-Prefix.pch";
				INFOPLIST_FILE = "subviewTables/subviewTables-Info.plist";
				PRODUCT_NAME = "$(TARGET_NAME)";
				WRAPPER_EXTENSION = app;
			};
			name = Release;
		};
		F2432FDF19DDBF6E00F4C8D5 /* Debug */ = {
			isa = XCBuildConfiguration;
			buildSettings = {
				BUNDLE_LOADER = "$(BUILT_PRODUCTS_DIR)/subviewTables.app/subviewTables";
				FRAMEWORK_SEARCH_PATHS = (
					"$(SDKROOT)/Developer/Library/Frameworks",
					"$(inherited)",
					"$(DEVELOPER_FRAMEWORKS_DIR)",
				);
				GCC_PRECOMPILE_PREFIX_HEADER = YES;
				GCC_PREFIX_HEADER = "subviewTables/subviewTables-Prefix.pch";
				GCC_PREPROCESSOR_DEFINITIONS = (
					"DEBUG=1",
					"$(inherited)",
				);
				INFOPLIST_FILE = "subviewTablesTests/subviewTablesTests-Info.plist";
				PRODUCT_NAME = "$(TARGET_NAME)";
				TEST_HOST = "$(BUNDLE_LOADER)";
				WRAPPER_EXTENSION = xctest;
			};
			name = Debug;
		};
		F2432FE019DDBF6E00F4C8D5 /* Release */ = {
			isa = XCBuildConfiguration;
			buildSettings = {
				BUNDLE_LOADER = "$(BUILT_PRODUCTS_DIR)/subviewTables.app/subviewTables";
				FRAMEWORK_SEARCH_PATHS = (
					"$(SDKROOT)/Developer/Library/Frameworks",
					"$(inherited)",
					"$(DEVELOPER_FRAMEWORKS_DIR)",
				);
				GCC_PRECOMPILE_PREFIX_HEADER = YES;
				GCC_PREFIX_HEADER = "subviewTables/subviewTables-Prefix.pch";
				INFOPLIST_FILE = "subviewTablesTests/subviewTablesTests-Info.plist";
				PRODUCT_NAME = "$(TARGET_NAME)";
				TEST_HOST = "$(BUNDLE_LOADER)";
				WRAPPER_EXTENSION = xctest;
			};
			name = Release;
		};
/* End XCBuildConfiguration section */

/* Begin XCConfigurationList section */
		F2432FA419DDBF6D00F4C8D5 /* Build configuration list for PBXProject "subviewTables" */ = {
			isa = XCConfigurationList;
			buildConfigurations = (
				F2432FD919DDBF6E00F4C8D5 /* Debug */,
				F2432FDA19DDBF6E00F4C8D5 /* Release */,
			);
			defaultConfigurationIsVisible = 0;
			defaultConfigurationName = Release;
		};
		F2432FDB19DDBF6E00F4C8D5 /* Build configuration list for PBXNativeTarget "subviewTables" */ = {
			isa = XCConfigurationList;
			buildConfigurations = (
				F2432FDC19DDBF6E00F4C8D5 /* Debug */,
				F2432FDD19DDBF6E00F4C8D5 /* Release */,
			);
			defaultConfigurationIsVisible = 0;
			defaultConfigurationName = Release;
		};
		F2432FDE19DDBF6E00F4C8D5 /* Build configuration list for PBXNativeTarget "subviewTablesTests" */ = {
			isa = XCConfigurationList;
			buildConfigurations = (
				F2432FDF19DDBF6E00F4C8D5 /* Debug */,
				F2432FE019DDBF6E00F4C8D5 /* Release */,
			);
			defaultConfigurationIsVisible = 0;
			defaultConfigurationName = Release;
		};
/* End XCConfigurationList section */
	};
	rootObject = F2432FA119DDBF6D00F4C8D5 /* Project object */;
}
