// !$*UTF8*$!
{
	archiveVersion = 1;
	classes = {
	};
	objectVersion = 46;
	objects = {

/* Begin PBXBuildFile section */
		F2FE782619DB8656003FE0F1 /* Foundation.framework in Frameworks */ = {isa = PBXBuildFile; fileRef = F2FE782519DB8656003FE0F1 /* Foundation.framework */; };
		F2FE782819DB8656003FE0F1 /* CoreGraphics.framework in Frameworks */ = {isa = PBXBuildFile; fileRef = F2FE782719DB8656003FE0F1 /* CoreGraphics.framework */; };
		F2FE782A19DB8656003FE0F1 /* UIKit.framework in Frameworks */ = {isa = PBXBuildFile; fileRef = F2FE782919DB8656003FE0F1 /* UIKit.framework */; };
		F2FE783019DB8656003FE0F1 /* InfoPlist.strings in Resources */ = {isa = PBXBuildFile; fileRef = F2FE782E19DB8656003FE0F1 /* InfoPlist.strings */; };
		F2FE783219DB8656003FE0F1 /* main.m in Sources */ = {isa = PBXBuildFile; fileRef = F2FE783119DB8656003FE0F1 /* main.m */; };
		F2FE783619DB8656003FE0F1 /* AppDelegate.m in Sources */ = {isa = PBXBuildFile; fileRef = F2FE783519DB8656003FE0F1 /* AppDelegate.m */; };
		F2FE783919DB8656003FE0F1 /* Main.storyboard in Resources */ = {isa = PBXBuildFile; fileRef = F2FE783719DB8656003FE0F1 /* Main.storyboard */; };
		F2FE783C19DB8656003FE0F1 /* ViewController.m in Sources */ = {isa = PBXBuildFile; fileRef = F2FE783B19DB8656003FE0F1 /* ViewController.m */; };
		F2FE783E19DB8656003FE0F1 /* Images.xcassets in Resources */ = {isa = PBXBuildFile; fileRef = F2FE783D19DB8656003FE0F1 /* Images.xcassets */; };
		F2FE784519DB8657003FE0F1 /* XCTest.framework in Frameworks */ = {isa = PBXBuildFile; fileRef = F2FE784419DB8657003FE0F1 /* XCTest.framework */; };
		F2FE784619DB8657003FE0F1 /* Foundation.framework in Frameworks */ = {isa = PBXBuildFile; fileRef = F2FE782519DB8656003FE0F1 /* Foundation.framework */; };
		F2FE784719DB8657003FE0F1 /* UIKit.framework in Frameworks */ = {isa = PBXBuildFile; fileRef = F2FE782919DB8656003FE0F1 /* UIKit.framework */; };
		F2FE784F19DB8657003FE0F1 /* InfoPlist.strings in Resources */ = {isa = PBXBuildFile; fileRef = F2FE784D19DB8657003FE0F1 /* InfoPlist.strings */; };
		F2FE785119DB8657003FE0F1 /* simple_appTests.m in Sources */ = {isa = PBXBuildFile; fileRef = F2FE785019DB8657003FE0F1 /* simple_appTests.m */; };
/* End PBXBuildFile section */

/* Begin PBXContainerItemProxy section */
		F2FE784819DB8657003FE0F1 /* PBXContainerItemProxy */ = {
			isa = PBXContainerItemProxy;
			containerPortal = F2FE781A19DB8656003FE0F1 /* Project object */;
			proxyType = 1;
			remoteGlobalIDString = F2FE782119DB8656003FE0F1;
			remoteInfo = simple_app;
		};
/* End PBXContainerItemProxy section */

/* Begin PBXFileReference section */
		F2FE782219DB8656003FE0F1 /* simple_app.app */ = {isa = PBXFileReference; explicitFileType = wrapper.application; includeInIndex = 0; path = simple_app.app; sourceTree = BUILT_PRODUCTS_DIR; };
		F2FE782519DB8656003FE0F1 /* Foundation.framework */ = {isa = PBXFileReference; lastKnownFileType = wrapper.framework; name = Foundation.framework; path = System/Library/Frameworks/Foundation.framework; sourceTree = SDKROOT; };
		F2FE782719DB8656003FE0F1 /* CoreGraphics.framework */ = {isa = PBXFileReference; lastKnownFileType = wrapper.framework; name = CoreGraphics.framework; path = System/Library/Frameworks/CoreGraphics.framework; sourceTree = SDKROOT; };
		F2FE782919DB8656003FE0F1 /* UIKit.framework */ = {isa = PBXFileReference; lastKnownFileType = wrapper.framework; name = UIKit.framework; path = System/Library/Frameworks/UIKit.framework; sourceTree = SDKROOT; };
		F2FE782D19DB8656003FE0F1 /* simple_app-Info.plist */ = {isa = PBXFileReference; lastKnownFileType = text.plist.xml; path = "simple_app-Info.plist"; sourceTree = "<group>"; };
		F2FE782F19DB8656003FE0F1 /* en */ = {isa = PBXFileReference; lastKnownFileType = text.plist.strings; name = en; path = en.lproj/InfoPlist.strings; sourceTree = "<group>"; };
		F2FE783119DB8656003FE0F1 /* main.m */ = {isa = PBXFileReference; lastKnownFileType = sourcecode.c.objc; path = main.m; sourceTree = "<group>"; };
		F2FE783319DB8656003FE0F1 /* simple_app-Prefix.pch */ = {isa = PBXFileReference; lastKnownFileType = sourcecode.c.h; path = "simple_app-Prefix.pch"; sourceTree = "<group>"; };
		F2FE783419DB8656003FE0F1 /* AppDelegate.h */ = {isa = PBXFileReference; lastKnownFileType = sourcecode.c.h; path = AppDelegate.h; sourceTree = "<group>"; };
		F2FE783519DB8656003FE0F1 /* AppDelegate.m */ = {isa = PBXFileReference; lastKnownFileType = sourcecode.c.objc; path = AppDelegate.m; sourceTree = "<group>"; };
		F2FE783819DB8656003FE0F1 /* Base */ = {isa = PBXFileReference; lastKnownFileType = file.storyboard; name = Base; path = Base.lproj/Main.storyboard; sourceTree = "<group>"; };
		F2FE783A19DB8656003FE0F1 /* ViewController.h */ = {isa = PBXFileReference; lastKnownFileType = sourcecode.c.h; path = ViewController.h; sourceTree = "<group>"; };
		F2FE783B19DB8656003FE0F1 /* ViewController.m */ = {isa = PBXFileReference; lastKnownFileType = sourcecode.c.objc; path = ViewController.m; sourceTree = "<group>"; };
		F2FE783D19DB8656003FE0F1 /* Images.xcassets */ = {isa = PBXFileReference; lastKnownFileType = folder.assetcatalog; path = Images.xcassets; sourceTree = "<group>"; };
		F2FE784319DB8657003FE0F1 /* simple_appTests.xctest */ = {isa = PBXFileReference; explicitFileType = wrapper.cfbundle; includeInIndex = 0; path = simple_appTests.xctest; sourceTree = BUILT_PRODUCTS_DIR; };
		F2FE784419DB8657003FE0F1 /* XCTest.framework */ = {isa = PBXFileReference; lastKnownFileType = wrapper.framework; name = XCTest.framework; path = Library/Frameworks/XCTest.framework; sourceTree = DEVELOPER_DIR; };
		F2FE784C19DB8657003FE0F1 /* simple_appTests-Info.plist */ = {isa = PBXFileReference; lastKnownFileType = text.plist.xml; path = "simple_appTests-Info.plist"; sourceTree = "<group>"; };
		F2FE784E19DB8657003FE0F1 /* en */ = {isa = PBXFileReference; lastKnownFileType = text.plist.strings; name = en; path = en.lproj/InfoPlist.strings; sourceTree = "<group>"; };
		F2FE785019DB8657003FE0F1 /* simple_appTests.m */ = {isa = PBXFileReference; lastKnownFileType = sourcecode.c.objc; path = simple_appTests.m; sourceTree = "<group>"; };
/* End PBXFileReference section */

/* Begin PBXFrameworksBuildPhase section */
		F2FE781F19DB8656003FE0F1 /* Frameworks */ = {
			isa = PBXFrameworksBuildPhase;
			buildActionMask = 2147483647;
			files = (
				F2FE782819DB8656003FE0F1 /* CoreGraphics.framework in Frameworks */,
				F2FE782A19DB8656003FE0F1 /* UIKit.framework in Frameworks */,
				F2FE782619DB8656003FE0F1 /* Foundation.framework in Frameworks */,
			);
			runOnlyForDeploymentPostprocessing = 0;
		};
		F2FE784019DB8657003FE0F1 /* Frameworks */ = {
			isa = PBXFrameworksBuildPhase;
			buildActionMask = 2147483647;
			files = (
				F2FE784519DB8657003FE0F1 /* XCTest.framework in Frameworks */,
				F2FE784719DB8657003FE0F1 /* UIKit.framework in Frameworks */,
				F2FE784619DB8657003FE0F1 /* Foundation.framework in Frameworks */,
			);
			runOnlyForDeploymentPostprocessing = 0;
		};
/* End PBXFrameworksBuildPhase section */

/* Begin PBXGroup section */
		F2FE781919DB8656003FE0F1 = {
			isa = PBXGroup;
			children = (
				F2FE782B19DB8656003FE0F1 /* simple_app */,
				F2FE784A19DB8657003FE0F1 /* simple_appTests */,
				F2FE782419DB8656003FE0F1 /* Frameworks */,
				F2FE782319DB8656003FE0F1 /* Products */,
			);
			sourceTree = "<group>";
		};
		F2FE782319DB8656003FE0F1 /* Products */ = {
			isa = PBXGroup;
			children = (
				F2FE782219DB8656003FE0F1 /* simple_app.app */,
				F2FE784319DB8657003FE0F1 /* simple_appTests.xctest */,
			);
			name = Products;
			sourceTree = "<group>";
		};
		F2FE782419DB8656003FE0F1 /* Frameworks */ = {
			isa = PBXGroup;
			children = (
				F2FE782519DB8656003FE0F1 /* Foundation.framework */,
				F2FE782719DB8656003FE0F1 /* CoreGraphics.framework */,
				F2FE782919DB8656003FE0F1 /* UIKit.framework */,
				F2FE784419DB8657003FE0F1 /* XCTest.framework */,
			);
			name = Frameworks;
			sourceTree = "<group>";
		};
		F2FE782B19DB8656003FE0F1 /* simple_app */ = {
			isa = PBXGroup;
			children = (
				F2FE783419DB8656003FE0F1 /* AppDelegate.h */,
				F2FE783519DB8656003FE0F1 /* AppDelegate.m */,
				F2FE783719DB8656003FE0F1 /* Main.storyboard */,
				F2FE783A19DB8656003FE0F1 /* ViewController.h */,
				F2FE783B19DB8656003FE0F1 /* ViewController.m */,
				F2FE783D19DB8656003FE0F1 /* Images.xcassets */,
				F2FE782C19DB8656003FE0F1 /* Supporting Files */,
			);
			path = simple_app;
			sourceTree = "<group>";
		};
		F2FE782C19DB8656003FE0F1 /* Supporting Files */ = {
			isa = PBXGroup;
			children = (
				F2FE782D19DB8656003FE0F1 /* simple_app-Info.plist */,
				F2FE782E19DB8656003FE0F1 /* InfoPlist.strings */,
				F2FE783119DB8656003FE0F1 /* main.m */,
				F2FE783319DB8656003FE0F1 /* simple_app-Prefix.pch */,
			);
			name = "Supporting Files";
			sourceTree = "<group>";
		};
		F2FE784A19DB8657003FE0F1 /* simple_appTests */ = {
			isa = PBXGroup;
			children = (
				F2FE785019DB8657003FE0F1 /* simple_appTests.m */,
				F2FE784B19DB8657003FE0F1 /* Supporting Files */,
			);
			path = simple_appTests;
			sourceTree = "<group>";
		};
		F2FE784B19DB8657003FE0F1 /* Supporting Files */ = {
			isa = PBXGroup;
			children = (
				F2FE784C19DB8657003FE0F1 /* simple_appTests-Info.plist */,
				F2FE784D19DB8657003FE0F1 /* InfoPlist.strings */,
			);
			name = "Supporting Files";
			sourceTree = "<group>";
		};
/* End PBXGroup section */

/* Begin PBXNativeTarget section */
		F2FE782119DB8656003FE0F1 /* simple_app */ = {
			isa = PBXNativeTarget;
			buildConfigurationList = F2FE785419DB8657003FE0F1 /* Build configuration list for PBXNativeTarget "simple_app" */;
			buildPhases = (
				F2FE781E19DB8656003FE0F1 /* Sources */,
				F2FE781F19DB8656003FE0F1 /* Frameworks */,
				F2FE782019DB8656003FE0F1 /* Resources */,
			);
			buildRules = (
			);
			dependencies = (
			);
			name = simple_app;
			productName = simple_app;
			productReference = F2FE782219DB8656003FE0F1 /* simple_app.app */;
			productType = "com.apple.product-type.application";
		};
		F2FE784219DB8657003FE0F1 /* simple_appTests */ = {
			isa = PBXNativeTarget;
			buildConfigurationList = F2FE785719DB8657003FE0F1 /* Build configuration list for PBXNativeTarget "simple_appTests" */;
			buildPhases = (
				F2FE783F19DB8657003FE0F1 /* Sources */,
				F2FE784019DB8657003FE0F1 /* Frameworks */,
				F2FE784119DB8657003FE0F1 /* Resources */,
			);
			buildRules = (
			);
			dependencies = (
				F2FE784919DB8657003FE0F1 /* PBXTargetDependency */,
			);
			name = simple_appTests;
			productName = simple_appTests;
			productReference = F2FE784319DB8657003FE0F1 /* simple_appTests.xctest */;
			productType = "com.apple.product-type.bundle.unit-test";
		};
/* End PBXNativeTarget section */

/* Begin PBXProject section */
		F2FE781A19DB8656003FE0F1 /* Project object */ = {
			isa = PBXProject;
			attributes = {
				LastUpgradeCheck = 0510;
				ORGANIZATIONNAME = "___FULLUSERNAME___";
				TargetAttributes = {
					F2FE784219DB8657003FE0F1 = {
						TestTargetID = F2FE782119DB8656003FE0F1;
					};
				};
			};
			buildConfigurationList = F2FE781D19DB8656003FE0F1 /* Build configuration list for PBXProject "simple_app" */;
			compatibilityVersion = "Xcode 3.2";
			developmentRegion = English;
			hasScannedForEncodings = 0;
			knownRegions = (
				en,
				Base,
			);
			mainGroup = F2FE781919DB8656003FE0F1;
			productRefGroup = F2FE782319DB8656003FE0F1 /* Products */;
			projectDirPath = "";
			projectRoot = "";
			targets = (
				F2FE782119DB8656003FE0F1 /* simple_app */,
				F2FE784219DB8657003FE0F1 /* simple_appTests */,
			);
		};
/* End PBXProject section */

/* Begin PBXResourcesBuildPhase section */
		F2FE782019DB8656003FE0F1 /* Resources */ = {
			isa = PBXResourcesBuildPhase;
			buildActionMask = 2147483647;
			files = (
				F2FE783E19DB8656003FE0F1 /* Images.xcassets in Resources */,
				F2FE783019DB8656003FE0F1 /* InfoPlist.strings in Resources */,
				F2FE783919DB8656003FE0F1 /* Main.storyboard in Resources */,
			);
			runOnlyForDeploymentPostprocessing = 0;
		};
		F2FE784119DB8657003FE0F1 /* Resources */ = {
			isa = PBXResourcesBuildPhase;
			buildActionMask = 2147483647;
			files = (
				F2FE784F19DB8657003FE0F1 /* InfoPlist.strings in Resources */,
			);
			runOnlyForDeploymentPostprocessing = 0;
		};
/* End PBXResourcesBuildPhase section */

/* Begin PBXSourcesBuildPhase section */
		F2FE781E19DB8656003FE0F1 /* Sources */ = {
			isa = PBXSourcesBuildPhase;
			buildActionMask = 2147483647;
			files = (
				F2FE783C19DB8656003FE0F1 /* ViewController.m in Sources */,
				F2FE783619DB8656003FE0F1 /* AppDelegate.m in Sources */,
				F2FE783219DB8656003FE0F1 /* main.m in Sources */,
			);
			runOnlyForDeploymentPostprocessing = 0;
		};
		F2FE783F19DB8657003FE0F1 /* Sources */ = {
			isa = PBXSourcesBuildPhase;
			buildActionMask = 2147483647;
			files = (
				F2FE785119DB8657003FE0F1 /* simple_appTests.m in Sources */,
			);
			runOnlyForDeploymentPostprocessing = 0;
		};
/* End PBXSourcesBuildPhase section */

/* Begin PBXTargetDependency section */
		F2FE784919DB8657003FE0F1 /* PBXTargetDependency */ = {
			isa = PBXTargetDependency;
			target = F2FE782119DB8656003FE0F1 /* simple_app */;
			targetProxy = F2FE784819DB8657003FE0F1 /* PBXContainerItemProxy */;
		};
/* End PBXTargetDependency section */

/* Begin PBXVariantGroup section */
		F2FE782E19DB8656003FE0F1 /* InfoPlist.strings */ = {
			isa = PBXVariantGroup;
			children = (
				F2FE782F19DB8656003FE0F1 /* en */,
			);
			name = InfoPlist.strings;
			sourceTree = "<group>";
		};
		F2FE783719DB8656003FE0F1 /* Main.storyboard */ = {
			isa = PBXVariantGroup;
			children = (
				F2FE783819DB8656003FE0F1 /* Base */,
			);
			name = Main.storyboard;
			sourceTree = "<group>";
		};
		F2FE784D19DB8657003FE0F1 /* InfoPlist.strings */ = {
			isa = PBXVariantGroup;
			children = (
				F2FE784E19DB8657003FE0F1 /* en */,
			);
			name = InfoPlist.strings;
			sourceTree = "<group>";
		};
/* End PBXVariantGroup section */

/* Begin XCBuildConfiguration section */
		F2FE785219DB8657003FE0F1 /* Debug */ = {
			isa = XCBuildConfiguration;
			buildSettings = {
				ALWAYS_SEARCH_USER_PATHS = NO;
				CLANG_CXX_LANGUAGE_STANDARD = "gnu++0x";
				CLANG_CXX_LIBRARY = "libc++";
				CLANG_ENABLE_MODULES = YES;
				CLANG_ENABLE_OBJC_ARC = YES;
				CLANG_WARN_BOOL_CONVERSION = YES;
				CLANG_WARN_CONSTANT_CONVERSION = YES;
				CLANG_WARN_DIRECT_OBJC_ISA_USAGE = YES_ERROR;
				CLANG_WARN_EMPTY_BODY = YES;
				CLANG_WARN_ENUM_CONVERSION = YES;
				CLANG_WARN_INT_CONVERSION = YES;
				CLANG_WARN_OBJC_ROOT_CLASS = YES_ERROR;
				CLANG_WARN__DUPLICATE_METHOD_MATCH = YES;
				"CODE_SIGN_IDENTITY[sdk=iphoneos*]" = "iPhone Developer";
				COPY_PHASE_STRIP = NO;
				GCC_C_LANGUAGE_STANDARD = gnu99;
				GCC_DYNAMIC_NO_PIC = NO;
				GCC_OPTIMIZATION_LEVEL = 0;
				GCC_PREPROCESSOR_DEFINITIONS = (
					"DEBUG=1",
					"$(inherited)",
				);
				GCC_SYMBOLS_PRIVATE_EXTERN = NO;
				GCC_WARN_64_TO_32_BIT_CONVERSION = YES;
				GCC_WARN_ABOUT_RETURN_TYPE = YES_ERROR;
				GCC_WARN_UNDECLARED_SELECTOR = YES;
				GCC_WARN_UNINITIALIZED_AUTOS = YES_AGGRESSIVE;
				GCC_WARN_UNUSED_FUNCTION = YES;
				GCC_WARN_UNUSED_VARIABLE = YES;
				IPHONEOS_DEPLOYMENT_TARGET = 7.1;
				ONLY_ACTIVE_ARCH = YES;
				SDKROOT = iphoneos;
			};
			name = Debug;
		};
		F2FE785319DB8657003FE0F1 /* Release */ = {
			isa = XCBuildConfiguration;
			buildSettings = {
				ALWAYS_SEARCH_USER_PATHS = NO;
				CLANG_CXX_LANGUAGE_STANDARD = "gnu++0x";
				CLANG_CXX_LIBRARY = "libc++";
				CLANG_ENABLE_MODULES = YES;
				CLANG_ENABLE_OBJC_ARC = YES;
				CLANG_WARN_BOOL_CONVERSION = YES;
				CLANG_WARN_CONSTANT_CONVERSION = YES;
				CLANG_WARN_DIRECT_OBJC_ISA_USAGE = YES_ERROR;
				CLANG_WARN_EMPTY_BODY = YES;
				CLANG_WARN_ENUM_CONVERSION = YES;
				CLANG_WARN_INT_CONVERSION = YES;
				CLANG_WARN_OBJC_ROOT_CLASS = YES_ERROR;
				CLANG_WARN__DUPLICATE_METHOD_MATCH = YES;
				"CODE_SIGN_IDENTITY[sdk=iphoneos*]" = "iPhone Developer";
				COPY_PHASE_STRIP = YES;
				ENABLE_NS_ASSERTIONS = NO;
				GCC_C_LANGUAGE_STANDARD = gnu99;
				GCC_WARN_64_TO_32_BIT_CONVERSION = YES;
				GCC_WARN_ABOUT_RETURN_TYPE = YES_ERROR;
				GCC_WARN_UNDECLARED_SELECTOR = YES;
				GCC_WARN_UNINITIALIZED_AUTOS = YES_AGGRESSIVE;
				GCC_WARN_UNUSED_FUNCTION = YES;
				GCC_WARN_UNUSED_VARIABLE = YES;
				IPHONEOS_DEPLOYMENT_TARGET = 7.1;
				SDKROOT = iphoneos;
				VALIDATE_PRODUCT = YES;
			};
			name = Release;
		};
		F2FE785519DB8657003FE0F1 /* Debug */ = {
			isa = XCBuildConfiguration;
			buildSettings = {
				ASSETCATALOG_COMPILER_APPICON_NAME = AppIcon;
				ASSETCATALOG_COMPILER_LAUNCHIMAGE_NAME = LaunchImage;
				GCC_PRECOMPILE_PREFIX_HEADER = YES;
				GCC_PREFIX_HEADER = "simple_app/simple_app-Prefix.pch";
				INFOPLIST_FILE = "simple_app/simple_app-Info.plist";
				PRODUCT_NAME = "$(TARGET_NAME)";
				WRAPPER_EXTENSION = app;
			};
			name = Debug;
		};
		F2FE785619DB8657003FE0F1 /* Release */ = {
			isa = XCBuildConfiguration;
			buildSettings = {
				ASSETCATALOG_COMPILER_APPICON_NAME = AppIcon;
				ASSETCATALOG_COMPILER_LAUNCHIMAGE_NAME = LaunchImage;
				GCC_PRECOMPILE_PREFIX_HEADER = YES;
				GCC_PREFIX_HEADER = "simple_app/simple_app-Prefix.pch";
				INFOPLIST_FILE = "simple_app/simple_app-Info.plist";
				PRODUCT_NAME = "$(TARGET_NAME)";
				WRAPPER_EXTENSION = app;
			};
			name = Release;
		};
		F2FE785819DB8657003FE0F1 /* Debug */ = {
			isa = XCBuildConfiguration;
			buildSettings = {
				BUNDLE_LOADER = "$(BUILT_PRODUCTS_DIR)/simple_app.app/simple_app";
				FRAMEWORK_SEARCH_PATHS = (
					"$(SDKROOT)/Developer/Library/Frameworks",
					"$(inherited)",
					"$(DEVELOPER_FRAMEWORKS_DIR)",
				);
				GCC_PRECOMPILE_PREFIX_HEADER = YES;
				GCC_PREFIX_HEADER = "simple_app/simple_app-Prefix.pch";
				GCC_PREPROCESSOR_DEFINITIONS = (
					"DEBUG=1",
					"$(inherited)",
				);
				INFOPLIST_FILE = "simple_appTests/simple_appTests-Info.plist";
				PRODUCT_NAME = "$(TARGET_NAME)";
				TEST_HOST = "$(BUNDLE_LOADER)";
				WRAPPER_EXTENSION = xctest;
			};
			name = Debug;
		};
		F2FE785919DB8657003FE0F1 /* Release */ = {
			isa = XCBuildConfiguration;
			buildSettings = {
				BUNDLE_LOADER = "$(BUILT_PRODUCTS_DIR)/simple_app.app/simple_app";
				FRAMEWORK_SEARCH_PATHS = (
					"$(SDKROOT)/Developer/Library/Frameworks",
					"$(inherited)",
					"$(DEVELOPER_FRAMEWORKS_DIR)",
				);
				GCC_PRECOMPILE_PREFIX_HEADER = YES;
				GCC_PREFIX_HEADER = "simple_app/simple_app-Prefix.pch";
				INFOPLIST_FILE = "simple_appTests/simple_appTests-Info.plist";
				PRODUCT_NAME = "$(TARGET_NAME)";
				TEST_HOST = "$(BUNDLE_LOADER)";
				WRAPPER_EXTENSION = xctest;
			};
			name = Release;
		};
/* End XCBuildConfiguration section */

/* Begin XCConfigurationList section */
		F2FE781D19DB8656003FE0F1 /* Build configuration list for PBXProject "simple_app" */ = {
			isa = XCConfigurationList;
			buildConfigurations = (
				F2FE785219DB8657003FE0F1 /* Debug */,
				F2FE785319DB8657003FE0F1 /* Release */,
			);
			defaultConfigurationIsVisible = 0;
			defaultConfigurationName = Release;
		};
		F2FE785419DB8657003FE0F1 /* Build configuration list for PBXNativeTarget "simple_app" */ = {
			isa = XCConfigurationList;
			buildConfigurations = (
				F2FE785519DB8657003FE0F1 /* Debug */,
				F2FE785619DB8657003FE0F1 /* Release */,
			);
			defaultConfigurationIsVisible = 0;
		};
		F2FE785719DB8657003FE0F1 /* Build configuration list for PBXNativeTarget "simple_appTests" */ = {
			isa = XCConfigurationList;
			buildConfigurations = (
				F2FE785819DB8657003FE0F1 /* Debug */,
				F2FE785919DB8657003FE0F1 /* Release */,
			);
			defaultConfigurationIsVisible = 0;
		};
/* End XCConfigurationList section */
	};
	rootObject = F2FE781A19DB8656003FE0F1 /* Project object */;
}
