// !$*UTF8*$!
{
	archiveVersion = 1;
	classes = {
	};
	objectVersion = 46;
	objects = {

/* Begin PBXBuildFile section */
		F26AB34819E3D42000F68DE4 /* Foundation.framework in Frameworks */ = {isa = PBXBuildFile; fileRef = F26AB34719E3D42000F68DE4 /* Foundation.framework */; };
		F26AB34A19E3D42000F68DE4 /* CoreGraphics.framework in Frameworks */ = {isa = PBXBuildFile; fileRef = F26AB34919E3D42000F68DE4 /* CoreGraphics.framework */; };
		F26AB34C19E3D42000F68DE4 /* UIKit.framework in Frameworks */ = {isa = PBXBuildFile; fileRef = F26AB34B19E3D42000F68DE4 /* UIKit.framework */; };
		F26AB35219E3D42000F68DE4 /* InfoPlist.strings in Resources */ = {isa = PBXBuildFile; fileRef = F26AB35019E3D42000F68DE4 /* InfoPlist.strings */; };
		F26AB35419E3D42000F68DE4 /* main.m in Sources */ = {isa = PBXBuildFile; fileRef = F26AB35319E3D42000F68DE4 /* main.m */; };
		F26AB35819E3D42000F68DE4 /* AppDelegate.m in Sources */ = {isa = PBXBuildFile; fileRef = F26AB35719E3D42000F68DE4 /* AppDelegate.m */; };
		F26AB35B19E3D42000F68DE4 /* Main.storyboard in Resources */ = {isa = PBXBuildFile; fileRef = F26AB35919E3D42000F68DE4 /* Main.storyboard */; };
		F26AB35E19E3D42000F68DE4 /* ViewController.m in Sources */ = {isa = PBXBuildFile; fileRef = F26AB35D19E3D42000F68DE4 /* ViewController.m */; };
		F26AB36019E3D42000F68DE4 /* Images.xcassets in Resources */ = {isa = PBXBuildFile; fileRef = F26AB35F19E3D42000F68DE4 /* Images.xcassets */; };
		F26AB36719E3D42000F68DE4 /* XCTest.framework in Frameworks */ = {isa = PBXBuildFile; fileRef = F26AB36619E3D42000F68DE4 /* XCTest.framework */; };
		F26AB36819E3D42000F68DE4 /* Foundation.framework in Frameworks */ = {isa = PBXBuildFile; fileRef = F26AB34719E3D42000F68DE4 /* Foundation.framework */; };
		F26AB36919E3D42000F68DE4 /* UIKit.framework in Frameworks */ = {isa = PBXBuildFile; fileRef = F26AB34B19E3D42000F68DE4 /* UIKit.framework */; };
		F26AB37119E3D42000F68DE4 /* InfoPlist.strings in Resources */ = {isa = PBXBuildFile; fileRef = F26AB36F19E3D42000F68DE4 /* InfoPlist.strings */; };
		F26AB37319E3D42000F68DE4 /* PickerTests.m in Sources */ = {isa = PBXBuildFile; fileRef = F26AB37219E3D42000F68DE4 /* PickerTests.m */; };
/* End PBXBuildFile section */

/* Begin PBXContainerItemProxy section */
		F26AB36A19E3D42000F68DE4 /* PBXContainerItemProxy */ = {
			isa = PBXContainerItemProxy;
			containerPortal = F26AB33C19E3D42000F68DE4 /* Project object */;
			proxyType = 1;
			remoteGlobalIDString = F26AB34319E3D42000F68DE4;
			remoteInfo = Picker;
		};
/* End PBXContainerItemProxy section */

/* Begin PBXFileReference section */
		F26AB34419E3D42000F68DE4 /* Picker.app */ = {isa = PBXFileReference; explicitFileType = wrapper.application; includeInIndex = 0; path = Picker.app; sourceTree = BUILT_PRODUCTS_DIR; };
		F26AB34719E3D42000F68DE4 /* Foundation.framework */ = {isa = PBXFileReference; lastKnownFileType = wrapper.framework; name = Foundation.framework; path = System/Library/Frameworks/Foundation.framework; sourceTree = SDKROOT; };
		F26AB34919E3D42000F68DE4 /* CoreGraphics.framework */ = {isa = PBXFileReference; lastKnownFileType = wrapper.framework; name = CoreGraphics.framework; path = System/Library/Frameworks/CoreGraphics.framework; sourceTree = SDKROOT; };
		F26AB34B19E3D42000F68DE4 /* UIKit.framework */ = {isa = PBXFileReference; lastKnownFileType = wrapper.framework; name = UIKit.framework; path = System/Library/Frameworks/UIKit.framework; sourceTree = SDKROOT; };
		F26AB34F19E3D42000F68DE4 /* Picker-Info.plist */ = {isa = PBXFileReference; lastKnownFileType = text.plist.xml; path = "Picker-Info.plist"; sourceTree = "<group>"; };
		F26AB35119E3D42000F68DE4 /* en */ = {isa = PBXFileReference; lastKnownFileType = text.plist.strings; name = en; path = en.lproj/InfoPlist.strings; sourceTree = "<group>"; };
		F26AB35319E3D42000F68DE4 /* main.m */ = {isa = PBXFileReference; lastKnownFileType = sourcecode.c.objc; path = main.m; sourceTree = "<group>"; };
		F26AB35519E3D42000F68DE4 /* Picker-Prefix.pch */ = {isa = PBXFileReference; lastKnownFileType = sourcecode.c.h; path = "Picker-Prefix.pch"; sourceTree = "<group>"; };
		F26AB35619E3D42000F68DE4 /* AppDelegate.h */ = {isa = PBXFileReference; lastKnownFileType = sourcecode.c.h; path = AppDelegate.h; sourceTree = "<group>"; };
		F26AB35719E3D42000F68DE4 /* AppDelegate.m */ = {isa = PBXFileReference; lastKnownFileType = sourcecode.c.objc; path = AppDelegate.m; sourceTree = "<group>"; };
		F26AB35A19E3D42000F68DE4 /* Base */ = {isa = PBXFileReference; lastKnownFileType = file.storyboard; name = Base; path = Base.lproj/Main.storyboard; sourceTree = "<group>"; };
		F26AB35C19E3D42000F68DE4 /* ViewController.h */ = {isa = PBXFileReference; lastKnownFileType = sourcecode.c.h; path = ViewController.h; sourceTree = "<group>"; };
		F26AB35D19E3D42000F68DE4 /* ViewController.m */ = {isa = PBXFileReference; lastKnownFileType = sourcecode.c.objc; path = ViewController.m; sourceTree = "<group>"; };
		F26AB35F19E3D42000F68DE4 /* Images.xcassets */ = {isa = PBXFileReference; lastKnownFileType = folder.assetcatalog; path = Images.xcassets; sourceTree = "<group>"; };
		F26AB36519E3D42000F68DE4 /* PickerTests.xctest */ = {isa = PBXFileReference; explicitFileType = wrapper.cfbundle; includeInIndex = 0; path = PickerTests.xctest; sourceTree = BUILT_PRODUCTS_DIR; };
		F26AB36619E3D42000F68DE4 /* XCTest.framework */ = {isa = PBXFileReference; lastKnownFileType = wrapper.framework; name = XCTest.framework; path = Library/Frameworks/XCTest.framework; sourceTree = DEVELOPER_DIR; };
		F26AB36E19E3D42000F68DE4 /* PickerTests-Info.plist */ = {isa = PBXFileReference; lastKnownFileType = text.plist.xml; path = "PickerTests-Info.plist"; sourceTree = "<group>"; };
		F26AB37019E3D42000F68DE4 /* en */ = {isa = PBXFileReference; lastKnownFileType = text.plist.strings; name = en; path = en.lproj/InfoPlist.strings; sourceTree = "<group>"; };
		F26AB37219E3D42000F68DE4 /* PickerTests.m */ = {isa = PBXFileReference; lastKnownFileType = sourcecode.c.objc; path = PickerTests.m; sourceTree = "<group>"; };
/* End PBXFileReference section */

/* Begin PBXFrameworksBuildPhase section */
		F26AB34119E3D42000F68DE4 /* Frameworks */ = {
			isa = PBXFrameworksBuildPhase;
			buildActionMask = 2147483647;
			files = (
				F26AB34A19E3D42000F68DE4 /* CoreGraphics.framework in Frameworks */,
				F26AB34C19E3D42000F68DE4 /* UIKit.framework in Frameworks */,
				F26AB34819E3D42000F68DE4 /* Foundation.framework in Frameworks */,
			);
			runOnlyForDeploymentPostprocessing = 0;
		};
		F26AB36219E3D42000F68DE4 /* Frameworks */ = {
			isa = PBXFrameworksBuildPhase;
			buildActionMask = 2147483647;
			files = (
				F26AB36719E3D42000F68DE4 /* XCTest.framework in Frameworks */,
				F26AB36919E3D42000F68DE4 /* UIKit.framework in Frameworks */,
				F26AB36819E3D42000F68DE4 /* Foundation.framework in Frameworks */,
			);
			runOnlyForDeploymentPostprocessing = 0;
		};
/* End PBXFrameworksBuildPhase section */

/* Begin PBXGroup section */
		F26AB33B19E3D42000F68DE4 = {
			isa = PBXGroup;
			children = (
				F26AB34D19E3D42000F68DE4 /* Picker */,
				F26AB36C19E3D42000F68DE4 /* PickerTests */,
				F26AB34619E3D42000F68DE4 /* Frameworks */,
				F26AB34519E3D42000F68DE4 /* Products */,
			);
			sourceTree = "<group>";
		};
		F26AB34519E3D42000F68DE4 /* Products */ = {
			isa = PBXGroup;
			children = (
				F26AB34419E3D42000F68DE4 /* Picker.app */,
				F26AB36519E3D42000F68DE4 /* PickerTests.xctest */,
			);
			name = Products;
			sourceTree = "<group>";
		};
		F26AB34619E3D42000F68DE4 /* Frameworks */ = {
			isa = PBXGroup;
			children = (
				F26AB34719E3D42000F68DE4 /* Foundation.framework */,
				F26AB34919E3D42000F68DE4 /* CoreGraphics.framework */,
				F26AB34B19E3D42000F68DE4 /* UIKit.framework */,
				F26AB36619E3D42000F68DE4 /* XCTest.framework */,
			);
			name = Frameworks;
			sourceTree = "<group>";
		};
		F26AB34D19E3D42000F68DE4 /* Picker */ = {
			isa = PBXGroup;
			children = (
				F26AB35619E3D42000F68DE4 /* AppDelegate.h */,
				F26AB35719E3D42000F68DE4 /* AppDelegate.m */,
				F26AB35919E3D42000F68DE4 /* Main.storyboard */,
				F26AB35C19E3D42000F68DE4 /* ViewController.h */,
				F26AB35D19E3D42000F68DE4 /* ViewController.m */,
				F26AB35F19E3D42000F68DE4 /* Images.xcassets */,
				F26AB34E19E3D42000F68DE4 /* Supporting Files */,
			);
			path = Picker;
			sourceTree = "<group>";
		};
		F26AB34E19E3D42000F68DE4 /* Supporting Files */ = {
			isa = PBXGroup;
			children = (
				F26AB34F19E3D42000F68DE4 /* Picker-Info.plist */,
				F26AB35019E3D42000F68DE4 /* InfoPlist.strings */,
				F26AB35319E3D42000F68DE4 /* main.m */,
				F26AB35519E3D42000F68DE4 /* Picker-Prefix.pch */,
			);
			name = "Supporting Files";
			sourceTree = "<group>";
		};
		F26AB36C19E3D42000F68DE4 /* PickerTests */ = {
			isa = PBXGroup;
			children = (
				F26AB37219E3D42000F68DE4 /* PickerTests.m */,
				F26AB36D19E3D42000F68DE4 /* Supporting Files */,
			);
			path = PickerTests;
			sourceTree = "<group>";
		};
		F26AB36D19E3D42000F68DE4 /* Supporting Files */ = {
			isa = PBXGroup;
			children = (
				F26AB36E19E3D42000F68DE4 /* PickerTests-Info.plist */,
				F26AB36F19E3D42000F68DE4 /* InfoPlist.strings */,
			);
			name = "Supporting Files";
			sourceTree = "<group>";
		};
/* End PBXGroup section */

/* Begin PBXNativeTarget section */
		F26AB34319E3D42000F68DE4 /* Picker */ = {
			isa = PBXNativeTarget;
			buildConfigurationList = F26AB37619E3D42000F68DE4 /* Build configuration list for PBXNativeTarget "Picker" */;
			buildPhases = (
				F26AB34019E3D42000F68DE4 /* Sources */,
				F26AB34119E3D42000F68DE4 /* Frameworks */,
				F26AB34219E3D42000F68DE4 /* Resources */,
			);
			buildRules = (
			);
			dependencies = (
			);
			name = Picker;
			productName = Picker;
			productReference = F26AB34419E3D42000F68DE4 /* Picker.app */;
			productType = "com.apple.product-type.application";
		};
		F26AB36419E3D42000F68DE4 /* PickerTests */ = {
			isa = PBXNativeTarget;
			buildConfigurationList = F26AB37919E3D42000F68DE4 /* Build configuration list for PBXNativeTarget "PickerTests" */;
			buildPhases = (
				F26AB36119E3D42000F68DE4 /* Sources */,
				F26AB36219E3D42000F68DE4 /* Frameworks */,
				F26AB36319E3D42000F68DE4 /* Resources */,
			);
			buildRules = (
			);
			dependencies = (
				F26AB36B19E3D42000F68DE4 /* PBXTargetDependency */,
			);
			name = PickerTests;
			productName = PickerTests;
			productReference = F26AB36519E3D42000F68DE4 /* PickerTests.xctest */;
			productType = "com.apple.product-type.bundle.unit-test";
		};
/* End PBXNativeTarget section */

/* Begin PBXProject section */
		F26AB33C19E3D42000F68DE4 /* Project object */ = {
			isa = PBXProject;
			attributes = {
				LastUpgradeCheck = 0510;
				ORGANIZATIONNAME = "___FULLUSERNAME___";
				TargetAttributes = {
					F26AB36419E3D42000F68DE4 = {
						TestTargetID = F26AB34319E3D42000F68DE4;
					};
				};
			};
			buildConfigurationList = F26AB33F19E3D42000F68DE4 /* Build configuration list for PBXProject "Picker" */;
			compatibilityVersion = "Xcode 3.2";
			developmentRegion = English;
			hasScannedForEncodings = 0;
			knownRegions = (
				en,
				Base,
			);
			mainGroup = F26AB33B19E3D42000F68DE4;
			productRefGroup = F26AB34519E3D42000F68DE4 /* Products */;
			projectDirPath = "";
			projectRoot = "";
			targets = (
				F26AB34319E3D42000F68DE4 /* Picker */,
				F26AB36419E3D42000F68DE4 /* PickerTests */,
			);
		};
/* End PBXProject section */

/* Begin PBXResourcesBuildPhase section */
		F26AB34219E3D42000F68DE4 /* Resources */ = {
			isa = PBXResourcesBuildPhase;
			buildActionMask = 2147483647;
			files = (
				F26AB36019E3D42000F68DE4 /* Images.xcassets in Resources */,
				F26AB35219E3D42000F68DE4 /* InfoPlist.strings in Resources */,
				F26AB35B19E3D42000F68DE4 /* Main.storyboard in Resources */,
			);
			runOnlyForDeploymentPostprocessing = 0;
		};
		F26AB36319E3D42000F68DE4 /* Resources */ = {
			isa = PBXResourcesBuildPhase;
			buildActionMask = 2147483647;
			files = (
				F26AB37119E3D42000F68DE4 /* InfoPlist.strings in Resources */,
			);
			runOnlyForDeploymentPostprocessing = 0;
		};
/* End PBXResourcesBuildPhase section */

/* Begin PBXSourcesBuildPhase section */
		F26AB34019E3D42000F68DE4 /* Sources */ = {
			isa = PBXSourcesBuildPhase;
			buildActionMask = 2147483647;
			files = (
				F26AB35E19E3D42000F68DE4 /* ViewController.m in Sources */,
				F26AB35819E3D42000F68DE4 /* AppDelegate.m in Sources */,
				F26AB35419E3D42000F68DE4 /* main.m in Sources */,
			);
			runOnlyForDeploymentPostprocessing = 0;
		};
		F26AB36119E3D42000F68DE4 /* Sources */ = {
			isa = PBXSourcesBuildPhase;
			buildActionMask = 2147483647;
			files = (
				F26AB37319E3D42000F68DE4 /* PickerTests.m in Sources */,
			);
			runOnlyForDeploymentPostprocessing = 0;
		};
/* End PBXSourcesBuildPhase section */

/* Begin PBXTargetDependency section */
		F26AB36B19E3D42000F68DE4 /* PBXTargetDependency */ = {
			isa = PBXTargetDependency;
			target = F26AB34319E3D42000F68DE4 /* Picker */;
			targetProxy = F26AB36A19E3D42000F68DE4 /* PBXContainerItemProxy */;
		};
/* End PBXTargetDependency section */

/* Begin PBXVariantGroup section */
		F26AB35019E3D42000F68DE4 /* InfoPlist.strings */ = {
			isa = PBXVariantGroup;
			children = (
				F26AB35119E3D42000F68DE4 /* en */,
			);
			name = InfoPlist.strings;
			sourceTree = "<group>";
		};
		F26AB35919E3D42000F68DE4 /* Main.storyboard */ = {
			isa = PBXVariantGroup;
			children = (
				F26AB35A19E3D42000F68DE4 /* Base */,
			);
			name = Main.storyboard;
			sourceTree = "<group>";
		};
		F26AB36F19E3D42000F68DE4 /* InfoPlist.strings */ = {
			isa = PBXVariantGroup;
			children = (
				F26AB37019E3D42000F68DE4 /* en */,
			);
			name = InfoPlist.strings;
			sourceTree = "<group>";
		};
/* End PBXVariantGroup section */

/* Begin XCBuildConfiguration section */
		F26AB37419E3D42000F68DE4 /* Debug */ = {
			isa = XCBuildConfiguration;
			buildSettings = {
				ALWAYS_SEARCH_USER_PATHS = NO;
				CLANG_CXX_LANGUAGE_STANDARD = "gnu++0x";
				CLANG_CXX_LIBRARY = "libc++";
				CLANG_ENABLE_MODULES = YES;
				CLANG_ENABLE_OBJC_ARC = YES;
				CLANG_WARN_BOOL_CONVERSION = YES;
				CLANG_WARN_CONSTANT_CONVERSION = YES;
				CLANG_WARN_DIRECT_OBJC_ISA_USAGE = YES_ERROR;
				CLANG_WARN_EMPTY_BODY = YES;
				CLANG_WARN_ENUM_CONVERSION = YES;
				CLANG_WARN_INT_CONVERSION = YES;
				CLANG_WARN_OBJC_ROOT_CLASS = YES_ERROR;
				CLANG_WARN__DUPLICATE_METHOD_MATCH = YES;
				"CODE_SIGN_IDENTITY[sdk=iphoneos*]" = "iPhone Developer";
				COPY_PHASE_STRIP = NO;
				GCC_C_LANGUAGE_STANDARD = gnu99;
				GCC_DYNAMIC_NO_PIC = NO;
				GCC_OPTIMIZATION_LEVEL = 0;
				GCC_PREPROCESSOR_DEFINITIONS = (
					"DEBUG=1",
					"$(inherited)",
				);
				GCC_SYMBOLS_PRIVATE_EXTERN = NO;
				GCC_WARN_64_TO_32_BIT_CONVERSION = YES;
				GCC_WARN_ABOUT_RETURN_TYPE = YES_ERROR;
				GCC_WARN_UNDECLARED_SELECTOR = YES;
				GCC_WARN_UNINITIALIZED_AUTOS = YES_AGGRESSIVE;
				GCC_WARN_UNUSED_FUNCTION = YES;
				GCC_WARN_UNUSED_VARIABLE = YES;
				IPHONEOS_DEPLOYMENT_TARGET = 7.1;
				ONLY_ACTIVE_ARCH = YES;
				SDKROOT = iphoneos;
			};
			name = Debug;
		};
		F26AB37519E3D42000F68DE4 /* Release */ = {
			isa = XCBuildConfiguration;
			buildSettings = {
				ALWAYS_SEARCH_USER_PATHS = NO;
				CLANG_CXX_LANGUAGE_STANDARD = "gnu++0x";
				CLANG_CXX_LIBRARY = "libc++";
				CLANG_ENABLE_MODULES = YES;
				CLANG_ENABLE_OBJC_ARC = YES;
				CLANG_WARN_BOOL_CONVERSION = YES;
				CLANG_WARN_CONSTANT_CONVERSION = YES;
				CLANG_WARN_DIRECT_OBJC_ISA_USAGE = YES_ERROR;
				CLANG_WARN_EMPTY_BODY = YES;
				CLANG_WARN_ENUM_CONVERSION = YES;
				CLANG_WARN_INT_CONVERSION = YES;
				CLANG_WARN_OBJC_ROOT_CLASS = YES_ERROR;
				CLANG_WARN__DUPLICATE_METHOD_MATCH = YES;
				"CODE_SIGN_IDENTITY[sdk=iphoneos*]" = "iPhone Developer";
				COPY_PHASE_STRIP = YES;
				ENABLE_NS_ASSERTIONS = NO;
				GCC_C_LANGUAGE_STANDARD = gnu99;
				GCC_WARN_64_TO_32_BIT_CONVERSION = YES;
				GCC_WARN_ABOUT_RETURN_TYPE = YES_ERROR;
				GCC_WARN_UNDECLARED_SELECTOR = YES;
				GCC_WARN_UNINITIALIZED_AUTOS = YES_AGGRESSIVE;
				GCC_WARN_UNUSED_FUNCTION = YES;
				GCC_WARN_UNUSED_VARIABLE = YES;
				IPHONEOS_DEPLOYMENT_TARGET = 7.1;
				SDKROOT = iphoneos;
				VALIDATE_PRODUCT = YES;
			};
			name = Release;
		};
		F26AB37719E3D42000F68DE4 /* Debug */ = {
			isa = XCBuildConfiguration;
			buildSettings = {
				ASSETCATALOG_COMPILER_APPICON_NAME = AppIcon;
				ASSETCATALOG_COMPILER_LAUNCHIMAGE_NAME = LaunchImage;
				GCC_PRECOMPILE_PREFIX_HEADER = YES;
				GCC_PREFIX_HEADER = "Picker/Picker-Prefix.pch";
				INFOPLIST_FILE = "Picker/Picker-Info.plist";
				PRODUCT_NAME = "$(TARGET_NAME)";
				WRAPPER_EXTENSION = app;
			};
			name = Debug;
		};
		F26AB37819E3D42000F68DE4 /* Release */ = {
			isa = XCBuildConfiguration;
			buildSettings = {
				ASSETCATALOG_COMPILER_APPICON_NAME = AppIcon;
				ASSETCATALOG_COMPILER_LAUNCHIMAGE_NAME = LaunchImage;
				GCC_PRECOMPILE_PREFIX_HEADER = YES;
				GCC_PREFIX_HEADER = "Picker/Picker-Prefix.pch";
				INFOPLIST_FILE = "Picker/Picker-Info.plist";
				PRODUCT_NAME = "$(TARGET_NAME)";
				WRAPPER_EXTENSION = app;
			};
			name = Release;
		};
		F26AB37A19E3D42000F68DE4 /* Debug */ = {
			isa = XCBuildConfiguration;
			buildSettings = {
				BUNDLE_LOADER = "$(BUILT_PRODUCTS_DIR)/Picker.app/Picker";
				FRAMEWORK_SEARCH_PATHS = (
					"$(SDKROOT)/Developer/Library/Frameworks",
					"$(inherited)",
					"$(DEVELOPER_FRAMEWORKS_DIR)",
				);
				GCC_PRECOMPILE_PREFIX_HEADER = YES;
				GCC_PREFIX_HEADER = "Picker/Picker-Prefix.pch";
				GCC_PREPROCESSOR_DEFINITIONS = (
					"DEBUG=1",
					"$(inherited)",
				);
				INFOPLIST_FILE = "PickerTests/PickerTests-Info.plist";
				PRODUCT_NAME = "$(TARGET_NAME)";
				TEST_HOST = "$(BUNDLE_LOADER)";
				WRAPPER_EXTENSION = xctest;
			};
			name = Debug;
		};
		F26AB37B19E3D42000F68DE4 /* Release */ = {
			isa = XCBuildConfiguration;
			buildSettings = {
				BUNDLE_LOADER = "$(BUILT_PRODUCTS_DIR)/Picker.app/Picker";
				FRAMEWORK_SEARCH_PATHS = (
					"$(SDKROOT)/Developer/Library/Frameworks",
					"$(inherited)",
					"$(DEVELOPER_FRAMEWORKS_DIR)",
				);
				GCC_PRECOMPILE_PREFIX_HEADER = YES;
				GCC_PREFIX_HEADER = "Picker/Picker-Prefix.pch";
				INFOPLIST_FILE = "PickerTests/PickerTests-Info.plist";
				PRODUCT_NAME = "$(TARGET_NAME)";
				TEST_HOST = "$(BUNDLE_LOADER)";
				WRAPPER_EXTENSION = xctest;
			};
			name = Release;
		};
/* End XCBuildConfiguration section */

/* Begin XCConfigurationList section */
		F26AB33F19E3D42000F68DE4 /* Build configuration list for PBXProject "Picker" */ = {
			isa = XCConfigurationList;
			buildConfigurations = (
				F26AB37419E3D42000F68DE4 /* Debug */,
				F26AB37519E3D42000F68DE4 /* Release */,
			);
			defaultConfigurationIsVisible = 0;
			defaultConfigurationName = Release;
		};
		F26AB37619E3D42000F68DE4 /* Build configuration list for PBXNativeTarget "Picker" */ = {
			isa = XCConfigurationList;
			buildConfigurations = (
				F26AB37719E3D42000F68DE4 /* Debug */,
				F26AB37819E3D42000F68DE4 /* Release */,
			);
			defaultConfigurationIsVisible = 0;
		};
		F26AB37919E3D42000F68DE4 /* Build configuration list for PBXNativeTarget "PickerTests" */ = {
			isa = XCConfigurationList;
			buildConfigurations = (
				F26AB37A19E3D42000F68DE4 /* Debug */,
				F26AB37B19E3D42000F68DE4 /* Release */,
			);
			defaultConfigurationIsVisible = 0;
		};
/* End XCConfigurationList section */
	};
	rootObject = F26AB33C19E3D42000F68DE4 /* Project object */;
}
